
Microsoft Visual Studio Solution File, Format Version 12.00
# Visual Studio Version 17
VisualStudioVersion = 17.6.33815.320
MinimumVisualStudioVersion = 10.0.40219.1
Project("{FAE04EC0-301F-11D3-BF4B-00C04F79EFBC}") = "Cityinfo.API", "Cityinfo.API\Cityinfo.API.csproj", "{EAB4FCAE-8584-4E88-BB52-C8F49387C87F}"
EndProject
Global
	GlobalSection(SolutionConfigurationPlatforms) = preSolution
		Debug|Any CPU = Debug|Any CPU
		Release|Any CPU = Release|Any CPU
	EndGlobalSection
	GlobalSection(ProjectConfigurationPlatforms) = postSolution
		{EAB4FCAE-8584-4E88-BB52-C8F49387C87F}.Debug|Any CPU.ActiveCfg = Debug|Any CPU
		{EAB4FCAE-8584-4E88-BB52-C8F49387C87F}.Debug|Any CPU.Build.0 = Debug|Any CPU
		{EAB4FCAE-8584-4E88-BB52-C8F49387C87F}.Release|Any CPU.ActiveCfg = Release|Any CPU
		{EAB4FCAE-8584-4E88-BB52-C8F49387C87F}.Release|Any CPU.Build.0 = Release|Any CPU
	EndGlobalSection
	GlobalSection(SolutionProperties) = preSolution
		HideSolutionNode = FALSE
	EndGlobalSection
	GlobalSection(ExtensibilityGlobals) = postSolution
		SolutionGuid = {258A1B3F-2405-4687-A350-BADAD1BE24F8}
	EndGlobalSection
EndGlobal
